
Microsoft Visual Studio Solution File, Format Version 12.00
# Visual Studio 15
VisualStudioVersion = 15.0.26124.0
MinimumVisualStudioVersion = 15.0.26124.0
Project("{2150E333-8FDC-42A3-9474-1A3956D46DE8}") = "src", "src", "{6E433570-45C8-4257-907F-9CCDA3A95A1D}"
EndProject
Project("{FAE04EC0-301F-11D3-BF4B-00C04F79EFBC}") = "GradeBook", "src\GradeBook\GradeBook.csproj", "{FE0EB9DF-30FE-440C-A197-86631BC33571}"
EndProject
Project("{2150E333-8FDC-42A3-9474-1A3956D46DE8}") = "test", "test", "{C51B3E20-1A43-454F-9997-9E6A97DFF28C}"
EndProject
Project("{FAE04EC0-301F-11D3-BF4B-00C04F79EFBC}") = "GradeBook.Tests", "test\GradeBook.Tests\GradeBook.Tests.csproj", "{F6657E5B-168A-432B-B98D-B01F67BCFDFB}"
EndProject
Global
	GlobalSection(SolutionConfigurationPlatforms) = preSolution
		Debug|Any CPU = Debug|Any CPU
		Debug|x64 = Debug|x64
		Debug|x86 = Debug|x86
		Release|Any CPU = Release|Any CPU
		Release|x64 = Release|x64
		Release|x86 = Release|x86
	EndGlobalSection
	GlobalSection(SolutionProperties) = preSolution
		HideSolutionNode = FALSE
	EndGlobalSection
	GlobalSection(ProjectConfigurationPlatforms) = postSolution
		{FE0EB9DF-30FE-440C-A197-86631BC33571}.Debug|Any CPU.ActiveCfg = Debug|Any CPU
		{FE0EB9DF-30FE-440C-A197-86631BC33571}.Debug|Any CPU.Build.0 = Debug|Any CPU
		{FE0EB9DF-30FE-440C-A197-86631BC33571}.Debug|x64.ActiveCfg = Debug|Any CPU
		{FE0EB9DF-30FE-440C-A197-86631BC33571}.Debug|x64.Build.0 = Debug|Any CPU
		{FE0EB9DF-30FE-440C-A197-86631BC33571}.Debug|x86.ActiveCfg = Debug|Any CPU
		{FE0EB9DF-30FE-440C-A197-86631BC33571}.Debug|x86.Build.0 = Debug|Any CPU
		{FE0EB9DF-30FE-440C-A197-86631BC33571}.Release|Any CPU.ActiveCfg = Release|Any CPU
		{FE0EB9DF-30FE-440C-A197-86631BC33571}.Release|Any CPU.Build.0 = Release|Any CPU
		{FE0EB9DF-30FE-440C-A197-86631BC33571}.Release|x64.ActiveCfg = Release|Any CPU
		{FE0EB9DF-30FE-440C-A197-86631BC33571}.Release|x64.Build.0 = Release|Any CPU
		{FE0EB9DF-30FE-440C-A197-86631BC33571}.Release|x86.ActiveCfg = Release|Any CPU
		{FE0EB9DF-30FE-440C-A197-86631BC33571}.Release|x86.Build.0 = Release|Any CPU
		{F6657E5B-168A-432B-B98D-B01F67BCFDFB}.Debug|Any CPU.ActiveCfg = Debug|Any CPU
		{F6657E5B-168A-432B-B98D-B01F67BCFDFB}.Debug|Any CPU.Build.0 = Debug|Any CPU
		{F6657E5B-168A-432B-B98D-B01F67BCFDFB}.Debug|x64.ActiveCfg = Debug|Any CPU
		{F6657E5B-168A-432B-B98D-B01F67BCFDFB}.Debug|x64.Build.0 = Debug|Any CPU
		{F6657E5B-168A-432B-B98D-B01F67BCFDFB}.Debug|x86.ActiveCfg = Debug|Any CPU
		{F6657E5B-168A-432B-B98D-B01F67BCFDFB}.Debug|x86.Build.0 = Debug|Any CPU
		{F6657E5B-168A-432B-B98D-B01F67BCFDFB}.Release|Any CPU.ActiveCfg = Release|Any CPU
		{F6657E5B-168A-432B-B98D-B01F67BCFDFB}.Release|Any CPU.Build.0 = Release|Any CPU
		{F6657E5B-168A-432B-B98D-B01F67BCFDFB}.Release|x64.ActiveCfg = Release|Any CPU
		{F6657E5B-168A-432B-B98D-B01F67BCFDFB}.Release|x64.Build.0 = Release|Any CPU
		{F6657E5B-168A-432B-B98D-B01F67BCFDFB}.Release|x86.ActiveCfg = Release|Any CPU
		{F6657E5B-168A-432B-B98D-B01F67BCFDFB}.Release|x86.Build.0 = Release|Any CPU
	EndGlobalSection
	GlobalSection(NestedProjects) = preSolution
		{FE0EB9DF-30FE-440C-A197-86631BC33571} = {6E433570-45C8-4257-907F-9CCDA3A95A1D}
		{F6657E5B-168A-432B-B98D-B01F67BCFDFB} = {C51B3E20-1A43-454F-9997-9E6A97DFF28C}
	EndGlobalSection
EndGlobal
